{
  "name": "payload",
  "version": "1.0.0",
  "lockfileVersion": 3,
  "requires": true,
  "packages": {
    "": {
      "name": "payload",
      "version": "1.0.0",
      "license": "ISC",
      "dependencies": {
        "@payloadcms/db-mongodb": "^3.9.0",
        "@payloadcms/richtext-lexical": "^3.9.0",
        "next": "15.1.0",
        "payload": "^3.9.0",
        "react": "19.0.0",
        "react-dom": "19.0.0",
        "sharp": "0.32.6"
      },
      "devDependencies": {
        "@types/react": "^19.0.2",
        "@types/react-dom": "^19.0.2",
        "typescript": "^5.7.2"
      }
    },
    "../../node_modules/.pnpm/@payloadcms+db-mongodb@3.9.0_payload@3.9.0/node_modules/@payloadcms/db-mongodb": {
      "version": "3.9.0",
      "license": "MIT",
      "dependencies": {
        "http-status": "1.6.2",
        "mongoose": "8.8.3",
        "mongoose-aggregate-paginate-v2": "1.1.2",
        "mongoose-paginate-v2": "1.8.5",
        "prompts": "2.4.2",
        "uuid": "10.0.0"
      },
      "devDependencies": {
        "@payloadcms/eslint-config": "3.0.0",
        "@types/mongoose-aggregate-paginate-v2": "1.0.12",
        "mongodb": "6.10.0",
        "mongodb-memory-server": "^9",
        "payload": "3.9.0"
      },
      "peerDependencies": {
        "payload": "3.9.0"
      }
    },
    "../../node_modules/.pnpm/@payloadcms+richtext-lexical@3.9.0_@faceless-ui+modal@3.0.0-beta.2_@faceless-ui+scroll-info@2_x5s7fyyj6arubpwqtak5s7jyd4/node_modules/@payloadcms/richtext-lexical": {
      "version": "3.9.0",
      "license": "MIT",
      "dependencies": {
        "@lexical/headless": "0.20.0",
        "@lexical/html": "0.20.0",
        "@lexical/link": "0.20.0",
        "@lexical/list": "0.20.0",
        "@lexical/mark": "0.20.0",
        "@lexical/react": "0.20.0",
        "@lexical/rich-text": "0.20.0",
        "@lexical/selection": "0.20.0",
        "@lexical/utils": "0.20.0",
        "@payloadcms/translations": "3.9.0",
        "@payloadcms/ui": "3.9.0",
        "@types/uuid": "10.0.0",
        "acorn": "8.12.1",
        "bson-objectid": "2.0.4",
        "dequal": "2.0.3",
        "escape-html": "1.0.3",
        "lexical": "0.20.0",
        "mdast-util-from-markdown": "2.0.2",
        "mdast-util-mdx-jsx": "3.1.3",
        "micromark-extension-mdx-jsx": "3.0.1",
        "react-error-boundary": "4.1.2",
        "ts-essentials": "10.0.3",
        "uuid": "10.0.0"
      },
      "devDependencies": {
        "@babel/cli": "7.25.9",
        "@babel/core": "7.26.0",
        "@babel/preset-env": "7.26.0",
        "@babel/preset-react": "7.25.9",
        "@babel/preset-typescript": "7.26.0",
        "@lexical/eslint-plugin": "0.20.0",
        "@payloadcms/eslint-config": "3.0.0",
        "@types/escape-html": "1.0.4",
        "@types/json-schema": "7.0.15",
        "@types/node": "22.5.4",
        "@types/react": "19.0.1",
        "@types/react-dom": "19.0.1",
        "babel-plugin-react-compiler": "19.0.0-beta-df7b47d-20241124",
        "babel-plugin-transform-remove-imports": "^1.8.0",
        "esbuild": "0.24.0",
        "esbuild-sass-plugin": "3.3.1",
        "eslint-plugin-react-compiler": "19.0.0-beta-df7b47d-20241124",
        "payload": "3.9.0",
        "swc-plugin-transform-remove-imports": "2.0.0"
      },
      "engines": {
        "node": "^18.20.2 || >=20.9.0"
      },
      "peerDependencies": {
        "@faceless-ui/modal": "3.0.0-beta.2",
        "@faceless-ui/scroll-info": "2.0.0-beta.0",
        "@lexical/headless": "0.20.0",
        "@lexical/html": "0.20.0",
        "@lexical/link": "0.20.0",
        "@lexical/list": "0.20.0",
        "@lexical/mark": "0.20.0",
        "@lexical/react": "0.20.0",
        "@lexical/rich-text": "0.20.0",
        "@lexical/selection": "0.20.0",
        "@lexical/table": "0.20.0",
        "@lexical/utils": "0.20.0",
        "@payloadcms/next": "3.9.0",
        "lexical": "0.20.0",
        "payload": "3.9.0",
        "react": "^19.0.0 || ^19.0.0-rc-65a56d0e-20241020",
        "react-dom": "^19.0.0 || ^19.0.0-rc-65a56d0e-20241020"
      }
    },
    "../../node_modules/.pnpm/next@15.1.0_react-dom@19.0.0_react@19.0.0/node_modules/next": {
      "version": "15.1.0",
      "license": "MIT",
      "dependencies": {
        "@next/env": "15.1.0",
        "@swc/counter": "0.1.3",
        "@swc/helpers": "0.5.15",
        "busboy": "1.6.0",
        "caniuse-lite": "^1.0.30001579",
        "postcss": "8.4.31",
        "styled-jsx": "5.1.6"
      },
      "bin": {
        "next": "dist/bin/next"
      },
      "devDependencies": {
        "@ampproject/toolbox-optimizer": "2.8.3",
        "@babel/code-frame": "7.22.5",
        "@babel/core": "7.22.5",
        "@babel/eslint-parser": "7.22.5",
        "@babel/generator": "7.22.5",
        "@babel/plugin-proposal-class-properties": "7.18.6",
        "@babel/plugin-proposal-export-namespace-from": "7.18.9",
        "@babel/plugin-proposal-numeric-separator": "7.18.6",
        "@babel/plugin-proposal-object-rest-spread": "7.20.7",
        "@babel/plugin-syntax-bigint": "7.8.3",
        "@babel/plugin-syntax-dynamic-import": "7.8.3",
        "@babel/plugin-syntax-import-attributes": "7.22.5",
        "@babel/plugin-syntax-jsx": "7.22.5",
        "@babel/plugin-transform-modules-commonjs": "7.22.5",
        "@babel/plugin-transform-runtime": "7.22.5",
        "@babel/preset-env": "7.22.5",
        "@babel/preset-react": "7.22.5",
        "@babel/preset-typescript": "7.22.5",
        "@babel/runtime": "7.22.5",
        "@babel/traverse": "7.22.5",
        "@babel/types": "7.22.5",
        "@capsizecss/metrics": "3.4.0",
        "@edge-runtime/cookies": "6.0.0",
        "@edge-runtime/ponyfill": "4.0.0",
        "@edge-runtime/primitives": "6.0.0",
        "@hapi/accept": "5.0.2",
        "@jest/transform": "29.5.0",
        "@jest/types": "29.5.0",
        "@mswjs/interceptors": "0.23.0",
        "@napi-rs/triples": "1.2.0",
        "@next/font": "15.1.0",
        "@next/polyfill-module": "15.1.0",
        "@next/polyfill-nomodule": "15.1.0",
        "@next/react-refresh-utils": "15.1.0",
        "@next/swc": "15.1.0",
        "@opentelemetry/api": "1.6.0",
        "@playwright/test": "1.41.2",
        "@swc/core": "1.9.3",
        "@swc/types": "0.1.7",
        "@taskr/clear": "1.1.0",
        "@taskr/esnext": "1.1.0",
        "@types/amphtml-validator": "1.0.0",
        "@types/babel__code-frame": "7.0.2",
        "@types/babel__core": "7.1.12",
        "@types/babel__generator": "7.6.2",
        "@types/babel__template": "7.4.0",
        "@types/babel__traverse": "7.11.0",
        "@types/bytes": "3.1.1",
        "@types/ci-info": "2.0.0",
        "@types/compression": "0.0.36",
        "@types/content-disposition": "0.5.4",
        "@types/content-type": "1.1.3",
        "@types/cookie": "0.3.3",
        "@types/cross-spawn": "6.0.0",
        "@types/debug": "4.1.5",
        "@types/express-serve-static-core": "4.17.33",
        "@types/fresh": "0.5.0",
        "@types/glob": "7.1.1",
        "@types/jsonwebtoken": "9.0.0",
        "@types/lodash": "4.14.198",
        "@types/lodash.curry": "4.1.6",
        "@types/path-to-regexp": "1.7.0",
        "@types/picomatch": "2.3.3",
        "@types/platform": "1.3.4",
        "@types/react": "19.0.0",
        "@types/react-dom": "19.0.0",
        "@types/react-is": "18.2.4",
        "@types/semver": "7.3.1",
        "@types/send": "0.14.4",
        "@types/shell-quote": "1.7.1",
        "@types/tar": "6.1.5",
        "@types/text-table": "0.2.1",
        "@types/ua-parser-js": "0.7.36",
        "@types/webpack-sources1": "npm:@types/webpack-sources@0.1.5",
        "@types/ws": "8.2.0",
        "@vercel/ncc": "0.34.0",
        "@vercel/nft": "0.27.1",
        "@vercel/turbopack-ecmascript-runtime": "*",
        "acorn": "8.14.0",
        "amphtml-validator": "1.0.38",
        "anser": "1.4.9",
        "arg": "4.1.0",
        "assert": "2.0.0",
        "async-retry": "1.2.3",
        "async-sema": "3.0.0",
        "babel-plugin-react-compiler": "19.0.0-beta-df7b47d-20241124",
        "babel-plugin-transform-define": "2.0.0",
        "babel-plugin-transform-react-remove-prop-types": "0.4.24",
        "browserify-zlib": "0.2.0",
        "browserslist": "4.22.2",
        "buffer": "5.6.0",
        "bytes": "3.1.1",
        "ci-info": "watson/ci-info#f43f6a1cefff47fb361c88cf4b943fdbcaafe540",
        "cli-select": "1.1.2",
        "client-only": "0.0.1",
        "commander": "12.1.0",
        "comment-json": "3.0.3",
        "compression": "1.7.4",
        "conf": "5.0.0",
        "constants-browserify": "1.0.0",
        "content-disposition": "0.5.3",
        "content-type": "1.0.4",
        "cookie": "0.4.1",
        "cross-env": "6.0.3",
        "cross-spawn": "7.0.3",
        "crypto-browserify": "3.12.0",
        "css.escape": "1.5.1",
        "cssnano-preset-default": "7.0.6",
        "data-uri-to-buffer": "3.0.1",
        "debug": "4.1.1",
        "devalue": "2.0.1",
        "domain-browser": "4.19.0",
        "edge-runtime": "4.0.1",
        "events": "3.3.0",
        "find-up": "4.1.0",
        "fresh": "0.5.2",
        "glob": "7.1.7",
        "gzip-size": "5.1.1",
        "http-proxy": "1.18.1",
        "http-proxy-agent": "5.0.0",
        "https-browserify": "1.0.0",
        "https-proxy-agent": "5.0.1",
        "icss-utils": "5.1.0",
        "ignore-loader": "0.1.2",
        "image-size": "1.1.1",
        "is-docker": "2.0.0",
        "is-wsl": "2.2.0",
        "jest-worker": "27.5.1",
        "json5": "2.2.3",
        "jsonwebtoken": "9.0.0",
        "loader-runner": "4.3.0",
        "loader-utils2": "npm:loader-utils@2.0.0",
        "loader-utils3": "npm:loader-utils@3.1.3",
        "lodash.curry": "4.1.1",
        "mini-css-extract-plugin": "2.4.4",
        "msw": "2.3.0",
        "nanoid": "3.1.32",
        "native-url": "0.3.4",
        "neo-async": "2.6.1",
        "node-html-parser": "5.3.3",
        "ora": "4.0.4",
        "os-browserify": "0.3.0",
        "p-limit": "3.1.0",
        "p-queue": "6.6.2",
        "path-browserify": "1.0.1",
        "path-to-regexp": "6.1.0",
        "picomatch": "4.0.1",
        "platform": "1.3.6",
        "postcss-flexbugs-fixes": "5.0.2",
        "postcss-modules-extract-imports": "3.0.0",
        "postcss-modules-local-by-default": "4.0.4",
        "postcss-modules-scope": "3.0.0",
        "postcss-modules-values": "4.0.0",
        "postcss-preset-env": "7.4.3",
        "postcss-safe-parser": "6.0.0",
        "postcss-scss": "4.0.3",
        "postcss-value-parser": "4.2.0",
        "process": "0.11.10",
        "punycode": "2.1.1",
        "querystring-es3": "0.2.1",
        "raw-body": "2.4.1",
        "react-refresh": "0.12.0",
        "regenerator-runtime": "0.13.4",
        "sass-loader": "15.0.0",
        "schema-utils2": "npm:schema-utils@2.7.1",
        "schema-utils3": "npm:schema-utils@3.0.0",
        "semver": "7.3.2",
        "send": "0.17.1",
        "server-only": "0.0.1",
        "setimmediate": "1.0.5",
        "shell-quote": "1.7.3",
        "source-map": "0.6.1",
        "source-map-loader": "5.0.0",
        "source-map08": "npm:source-map@0.8.0-beta.0",
        "stacktrace-parser": "0.1.10",
        "stream-browserify": "3.0.0",
        "stream-http": "3.1.1",
        "strict-event-emitter": "0.5.0",
        "string_decoder": "1.3.0",
        "string-hash": "1.1.3",
        "strip-ansi": "6.0.0",
        "superstruct": "1.0.3",
        "tar": "6.1.15",
        "taskr": "1.1.0",
        "terser": "5.27.0",
        "terser-webpack-plugin": "5.3.9",
        "text-table": "0.2.0",
        "timers-browserify": "2.0.12",
        "tty-browserify": "0.0.1",
        "typescript": "5.7.2",
        "ua-parser-js": "1.0.35",
        "unistore": "3.4.1",
        "util": "0.12.4",
        "vm-browserify": "1.1.2",
        "watchpack": "2.4.0",
        "web-vitals": "4.2.1",
        "webpack": "5.96.1",
        "webpack-sources1": "npm:webpack-sources@1.4.3",
        "webpack-sources3": "npm:webpack-sources@3.2.3",
        "ws": "8.2.3",
        "zod": "3.22.3",
        "zod-validation-error": "3.4.0"
      },
      "engines": {
        "node": "^18.18.0 || ^19.8.0 || >= 20.0.0"
      },
      "optionalDependencies": {
        "@next/swc-darwin-arm64": "15.1.0",
        "@next/swc-darwin-x64": "15.1.0",
        "@next/swc-linux-arm64-gnu": "15.1.0",
        "@next/swc-linux-arm64-musl": "15.1.0",
        "@next/swc-linux-x64-gnu": "15.1.0",
        "@next/swc-linux-x64-musl": "15.1.0",
        "@next/swc-win32-arm64-msvc": "15.1.0",
        "@next/swc-win32-x64-msvc": "15.1.0",
        "sharp": "^0.33.5"
      },
      "peerDependencies": {
        "@opentelemetry/api": "^1.1.0",
        "@playwright/test": "^1.41.2",
        "babel-plugin-react-compiler": "*",
        "react": "^18.2.0 || 19.0.0-rc-de68d2f4-20241204 || ^19.0.0",
        "react-dom": "^18.2.0 || 19.0.0-rc-de68d2f4-20241204 || ^19.0.0",
        "sass": "^1.3.0"
      },
      "peerDependenciesMeta": {
        "@opentelemetry/api": {
          "optional": true
        },
        "@playwright/test": {
          "optional": true
        },
        "babel-plugin-react-compiler": {
          "optional": true
        },
        "sass": {
          "optional": true
        }
      }
    },
    "../../node_modules/.pnpm/payload@3.9.0_graphql@16.10.0_monaco-editor@0.52.2_react-dom@19.0.0_react@19.0.0_typescript@5.7.2/node_modules/payload": {
      "version": "3.9.0",
      "license": "MIT",
      "dependencies": {
        "@monaco-editor/react": "4.6.0",
        "@next/env": "^15.0.0",
        "@payloadcms/translations": "3.9.0",
        "@types/busboy": "1.5.4",
        "ajv": "8.17.1",
        "bson-objectid": "2.0.4",
        "ci-info": "^4.0.0",
        "console-table-printer": "2.12.1",
        "croner": "9.0.0",
        "dataloader": "2.2.3",
        "deepmerge": "4.3.1",
        "file-type": "19.3.0",
        "get-tsconfig": "4.8.1",
        "http-status": "1.6.2",
        "image-size": "^1.1.1",
        "jose": "5.9.6",
        "json-schema-to-typescript": "15.0.3",
        "minimist": "1.2.8",
        "pino": "9.5.0",
        "pino-pretty": "13.0.0",
        "pluralize": "8.0.0",
        "sanitize-filename": "1.6.3",
        "scmp": "2.1.0",
        "ts-essentials": "10.0.3",
        "tsx": "4.19.2",
        "uuid": "10.0.0",
        "ws": "^8.16.0"
      },
      "bin": {
        "payload": "bin.js"
      },
      "devDependencies": {
        "@hyrious/esbuild-plugin-commonjs": "^0.2.4",
        "@payloadcms/eslint-config": "3.0.0",
        "@types/json-schema": "7.0.15",
        "@types/minimist": "1.2.2",
        "@types/nodemailer": "6.4.14",
        "@types/pluralize": "0.0.33",
        "@types/uuid": "10.0.0",
        "@types/ws": "^8.5.10",
        "copyfiles": "2.4.1",
        "cross-env": "7.0.3",
        "esbuild": "0.24.0",
        "graphql-http": "^1.22.0",
        "react-datepicker": "7.5.0",
        "rimraf": "3.0.2",
        "sharp": "0.32.6"
      },
      "engines": {
        "node": "^18.20.2 || >=20.9.0"
      },
      "peerDependencies": {
        "graphql": "^16.8.1"
      }
    },
    "../../node_modules/.pnpm/react-dom@19.0.0_react@19.0.0/node_modules/react-dom": {
      "version": "19.0.0",
      "license": "MIT",
      "dependencies": {
        "scheduler": "^0.25.0"
      },
      "peerDependencies": {
        "react": "^19.0.0"
      }
    },
    "../../node_modules/.pnpm/react@19.0.0/node_modules/react": {
      "version": "19.0.0",
      "license": "MIT",
      "engines": {
        "node": ">=0.10.0"
      }
    },
    "../../node_modules/.pnpm/sharp@0.32.6/node_modules/sharp": {
      "version": "0.32.6",
      "hasInstallScript": true,
      "license": "Apache-2.0",
      "dependencies": {
        "color": "^4.2.3",
        "detect-libc": "^2.0.2",
        "node-addon-api": "^6.1.0",
        "prebuild-install": "^7.1.1",
        "semver": "^7.5.4",
        "simple-get": "^4.0.1",
        "tar-fs": "^3.0.4",
        "tunnel-agent": "^0.6.0"
      },
      "devDependencies": {
        "@types/node": "*",
        "async": "^3.2.4",
        "cc": "^3.0.1",
        "exif-reader": "^1.2.0",
        "extract-zip": "^2.0.1",
        "icc": "^3.0.0",
        "jsdoc-to-markdown": "^8.0.0",
        "license-checker": "^25.0.1",
        "mocha": "^10.2.0",
        "mock-fs": "^5.2.0",
        "nyc": "^15.1.0",
        "prebuild": "^12.0.0",
        "semistandard": "^16.0.1",
        "tsd": "^0.29.0"
      },
      "engines": {
        "node": ">=14.15.0"
      },
      "funding": {
        "url": "https://opencollective.com/libvips"
      }
    },
    "node_modules/@payloadcms/db-mongodb": {
      "resolved": "../../node_modules/.pnpm/@payloadcms+db-mongodb@3.9.0_payload@3.9.0/node_modules/@payloadcms/db-mongodb",
      "link": true
    },
    "node_modules/@payloadcms/richtext-lexical": {
      "resolved": "../../node_modules/.pnpm/@payloadcms+richtext-lexical@3.9.0_@faceless-ui+modal@3.0.0-beta.2_@faceless-ui+scroll-info@2_x5s7fyyj6arubpwqtak5s7jyd4/node_modules/@payloadcms/richtext-lexical",
      "link": true
    },
    "node_modules/@types/react": {
      "version": "19.0.2",
      "resolved": "https://registry.npmjs.org/@types/react/-/react-19.0.2.tgz",
      "integrity": "sha512-USU8ZI/xyKJwFTpjSVIrSeHBVAGagkHQKPNbxeWwql/vDmnTIBgx+TJnhFnj1NXgz8XfprU0egV2dROLGpsBEg==",
      "dev": true,
      "dependencies": {
        "csstype": "^3.0.2"
      }
    },
    "node_modules/@types/react-dom": {
      "version": "19.0.2",
      "resolved": "https://registry.npmjs.org/@types/react-dom/-/react-dom-19.0.2.tgz",
      "integrity": "sha512-c1s+7TKFaDRRxr1TxccIX2u7sfCnc3RxkVyBIUA2lCpyqCF+QoAwQ/CBg7bsMdVwP120HEH143VQezKtef5nCg==",
      "dev": true,
      "peerDependencies": {
        "@types/react": "^19.0.0"
      }
    },
    "node_modules/csstype": {
      "version": "3.1.3",
      "resolved": "https://registry.npmjs.org/csstype/-/csstype-3.1.3.tgz",
      "integrity": "sha512-M1uQkMl8rQK/szD0LNhtqxIPLpimGm8sOBwU7lLnCpSbTyY3yeU1Vc7l4KT5zT4s/yOxHH5O7tIuuLOCnLADRw==",
      "dev": true
    },
    "node_modules/next": {
      "resolved": "../../node_modules/.pnpm/next@15.1.0_react-dom@19.0.0_react@19.0.0/node_modules/next",
      "link": true
    },
    "node_modules/payload": {
      "resolved": "../../node_modules/.pnpm/payload@3.9.0_graphql@16.10.0_monaco-editor@0.52.2_react-dom@19.0.0_react@19.0.0_typescript@5.7.2/node_modules/payload",
      "link": true
    },
    "node_modules/react": {
      "resolved": "../../node_modules/.pnpm/react@19.0.0/node_modules/react",
      "link": true
    },
    "node_modules/react-dom": {
      "resolved": "../../node_modules/.pnpm/react-dom@19.0.0_react@19.0.0/node_modules/react-dom",
      "link": true
    },
    "node_modules/sharp": {
      "resolved": "../../node_modules/.pnpm/sharp@0.32.6/node_modules/sharp",
      "link": true
    },
    "node_modules/typescript": {
      "version": "5.7.2",
      "resolved": "https://registry.npmjs.org/typescript/-/typescript-5.7.2.tgz",
      "integrity": "sha512-i5t66RHxDvVN40HfDd1PsEThGNnlMCMT3jMUuoh9/0TaqWevNontacunWyN02LA9/fIbEWlcHZcgTKb9QoaLfg==",
      "dev": true,
      "bin": {
        "tsc": "bin/tsc",
        "tsserver": "bin/tsserver"
      },
      "engines": {
        "node": ">=14.17"
      }
    }
  }
}
